{
  "version": 4,
  "terraform_version": "0.12.24",
  "serial": 6,
  "lineage": "",
  "outputs": {},
  "resources": [
    {
      "module": "module.forseti.module.client_iam",
      "mode": "managed",
      "type": "google_project_iam_member",
      "name": "client_roles",
      "each": "list",
      "provider": "provider.google",
      "instances": []
    },
    {
      "module": "module.forseti.module.server_iam",
      "mode": "managed",
      "type": "google_project_iam_member",
      "name": "server_roles",
      "each": "list",
      "provider": "provider.google",
      "instances": [
        {
          "index_key": 0,
          "schema_version": 0,
          "attributes": {
            "etag": "BwWlZfzSQMs=",
            "id": "example-project/roles/storage.objectViewer/serviceaccount:forseti-server-gcp-suffix@example-project.iam.gserviceaccount.com",
            "member": "serviceAccount:forseti-server-gcp-suffix@example-project.iam.gserviceaccount.com",
            "project": "example-project",
            "role": "roles/storage.objectViewer"
          },
          "private": "bnVsbA==",
          "dependencies": [
            "module.forseti.module.server_iam.google_service_account.forseti_server",
            "module.forseti.random_id.random_hash_suffix"
          ]
        },
        {
          "index_key": 1,
          "schema_version": 0,
          "attributes": {
            "etag": "BwWlZfzSQMs=",
            "id": "example-project/roles/storage.objectCreator/serviceaccount:forseti-server-gcp-suffix@example-project.iam.gserviceaccount.com",
            "member": "serviceAccount:forseti-server-gcp-suffix@example-project.iam.gserviceaccount.com",
            "project": "example-project",
            "role": "roles/storage.objectCreator"
          },
          "private": "bnVsbA==",
          "dependencies": [
            "module.forseti.module.server_iam.google_service_account.forseti_server",
            "module.forseti.random_id.random_hash_suffix"
          ]
        },
        {
          "index_key": 2,
          "schema_version": 0,
          "attributes": {
            "etag": "BwWlZfzSQMs=",
            "id": "example-project/roles/cloudsql.client/serviceaccount:forseti-server-gcp-suffix@example-project.iam.gserviceaccount.com",
            "member": "serviceAccount:forseti-server-gcp-suffix@example-project.iam.gserviceaccount.com",
            "project": "example-project",
            "role": "roles/cloudsql.client"
          },
          "private": "bnVsbA==",
          "dependencies": [
            "module.forseti.module.server_iam.google_service_account.forseti_server",
            "module.forseti.random_id.random_hash_suffix"
          ]
        },
        {
          "index_key": 3,
          "schema_version": 0,
          "attributes": {
            "etag": "BwWlZfzSQMs=",
            "id": "example-project/roles/logging.logWriter/serviceaccount:forseti-server-gcp-suffix@example-project.iam.gserviceaccount.com",
            "member": "serviceAccount:forseti-server-gcp-suffix@example-project.iam.gserviceaccount.com",
            "project": "example-project",
            "role": "roles/logging.logWriter"
          },
          "private": "bnVsbA==",
          "dependencies": [
            "module.forseti.module.server_iam.google_service_account.forseti_server",
            "module.forseti.random_id.random_hash_suffix"
          ]
        },
        {
          "index_key": 4,
          "schema_version": 0,
          "attributes": {
            "etag": "BwWlZfzSQMs=",
            "id": "example-project/roles/iam.serviceAccountTokenCreator/serviceaccount:forseti-server-gcp-suffix@example-project.iam.gserviceaccount.com",
            "member": "serviceAccount:forseti-server-gcp-suffix@example-project.iam.gserviceaccount.com",
            "project": "example-project",
            "role": "roles/iam.serviceAccountTokenCreator"
          },
          "private": "bnVsbA==",
          "dependencies": [
            "module.forseti.module.server_iam.google_service_account.forseti_server",
            "module.forseti.random_id.random_hash_suffix"
          ]
        },
        {
          "index_key": 5,
          "schema_version": 0,
          "attributes": {
            "etag": "BwWnm7Vp0J0=",
            "id": "example-project/projects/example-project/roles/osLoginProjectGet_6afd/serviceaccount:bastion@example-project.iam.gserviceaccount.com",
            "member": "serviceAccount:bastion@example-project.iam.gserviceaccount.com",
            "project": "example-project",
            "role": "projects/example-project/roles/osLoginProjectGet_6afd"
          },
          "private": "bnVsbA==",
          "dependencies": [
            "module.bastion_vm.google_project_iam_custom_role.compute_os_login_viewer",
            "module.bastion_vm.google_service_account.bastion_host",
            "module.bastion_vm.random_id.random_role_id_suffix"
          ]
        }
      ]
    }
  ]
}
