{
  "version": 4,
  "terraform_version": "0.12.24",
  "serial": 6,
  "lineage": "",
  "outputs": {},
  "resources": [
    {
      "module": "module.forseti.module.server_iam",
      "mode": "managed",
      "type": "google_organization_iam_member",
      "name": "cloud_profiler",
      "each": "list",
      "provider": "provider.google",
      "instances": []
    },
    {
      "module": "module.forseti.module.server_iam",
      "mode": "managed",
      "type": "google_organization_iam_member",
      "name": "org_cscc",
      "each": "list",
      "provider": "provider.google",
      "instances": []
    },
    {
      "module": "module.forseti.module.server_iam",
      "mode": "managed",
      "type": "google_organization_iam_member",
      "name": "org_read",
      "each": "list",
      "provider": "provider.google",
      "instances": [
        {
          "index_key": 0,
          "schema_version": 0,
          "attributes": {
            "etag": "BwWloVCIJjE=",
            "id": "12345678/roles/appengine.appViewer/serviceaccount:forseti-server-gcp-suffix@example-project.iam.gserviceaccount.com",
            "member": "serviceAccount:forseti-server-gcp-suffix@example-project.iam.gserviceaccount.com",
            "org_id": "12345678",
            "role": "roles/appengine.appViewer"
          },
          "private": "bnVsbA==",
          "dependencies": [
            "module.forseti.module.server_iam.google_service_account.forseti_server",
            "module.forseti.random_id.random_hash_suffix"
          ]
        },
        {
          "index_key": 1,
          "schema_version": 0,
          "attributes": {
            "etag": "BwWloVCIJjE=",
            "id": "12345678/roles/bigquery.metadataViewer/serviceaccount:forseti-server-gcp-suffix@example-project.iam.gserviceaccount.com",
            "member": "serviceAccount:forseti-server-gcp-suffix@example-project.iam.gserviceaccount.com",
            "org_id": "12345678",
            "role": "roles/bigquery.metadataViewer"
          },
          "private": "bnVsbA==",
          "dependencies": [
            "module.forseti.module.server_iam.google_service_account.forseti_server",
            "module.forseti.random_id.random_hash_suffix"
          ]
        },
        {
          "index_key": 2,
          "schema_version": 0,
          "attributes": {
            "etag": "BwWloVCIJjE=",
            "id": "12345678/roles/browser/serviceaccount:forseti-server-gcp-suffix@example-project.iam.gserviceaccount.com",
            "member": "serviceAccount:forseti-server-gcp-suffix@example-project.iam.gserviceaccount.com",
            "org_id": "12345678",
            "role": "roles/browser"
          },
          "private": "bnVsbA==",
          "dependencies": [
            "module.forseti.module.server_iam.google_service_account.forseti_server",
            "module.forseti.random_id.random_hash_suffix"
          ]
        },
        {
          "index_key": 3,
          "schema_version": 0,
          "attributes": {
            "etag": "BwWloVCIJjE=",
            "id": "12345678/roles/cloudasset.viewer/serviceaccount:forseti-server-gcp-suffix@example-project.iam.gserviceaccount.com",
            "member": "serviceAccount:forseti-server-gcp-suffix@example-project.iam.gserviceaccount.com",
            "org_id": "12345678",
            "role": "roles/cloudasset.viewer"
          },
          "private": "bnVsbA==",
          "dependencies": [
            "module.forseti.module.server_iam.google_service_account.forseti_server",
            "module.forseti.random_id.random_hash_suffix"
          ]
        },
        {
          "index_key": 4,
          "schema_version": 0,
          "attributes": {
            "etag": "BwWloVCIJjE=",
            "id": "12345678/roles/cloudsql.viewer/serviceaccount:forseti-server-gcp-suffix@example-project.iam.gserviceaccount.com",
            "member": "serviceAccount:forseti-server-gcp-suffix@example-project.iam.gserviceaccount.com",
            "org_id": "12345678",
            "role": "roles/cloudsql.viewer"
          },
          "private": "bnVsbA==",
          "dependencies": [
            "module.forseti.module.server_iam.google_service_account.forseti_server",
            "module.forseti.random_id.random_hash_suffix"
          ]
        },
        {
          "index_key": 5,
          "schema_version": 0,
          "attributes": {
            "etag": "BwWloVCIJjE=",
            "id": "12345678/roles/compute.networkViewer/serviceaccount:forseti-server-gcp-suffix@example-project.iam.gserviceaccount.com",
            "member": "serviceAccount:forseti-server-gcp-suffix@example-project.iam.gserviceaccount.com",
            "org_id": "12345678",
            "role": "roles/compute.networkViewer"
          },
          "private": "bnVsbA==",
          "dependencies": [
            "module.forseti.module.server_iam.google_service_account.forseti_server",
            "module.forseti.random_id.random_hash_suffix"
          ]
        },
        {
          "index_key": 6,
          "schema_version": 0,
          "attributes": {
            "etag": "BwWloVCIJjE=",
            "id": "12345678/roles/iam.securityReviewer/serviceaccount:forseti-server-gcp-suffix@example-project.iam.gserviceaccount.com",
            "member": "serviceAccount:forseti-server-gcp-suffix@example-project.iam.gserviceaccount.com",
            "org_id": "12345678",
            "role": "roles/iam.securityReviewer"
          },
          "private": "bnVsbA==",
          "dependencies": [
            "module.forseti.module.server_iam.google_service_account.forseti_server",
            "module.forseti.random_id.random_hash_suffix"
          ]
        },
        {
          "index_key": 7,
          "schema_version": 0,
          "attributes": {
            "etag": "BwWloVCIJjE=",
            "id": "12345678/roles/orgpolicy.policyViewer/serviceaccount:forseti-server-gcp-suffix@example-project.iam.gserviceaccount.com",
            "member": "serviceAccount:forseti-server-gcp-suffix@example-project.iam.gserviceaccount.com",
            "org_id": "12345678",
            "role": "roles/orgpolicy.policyViewer"
          },
          "private": "bnVsbA==",
          "dependencies": [
            "module.forseti.module.server_iam.google_service_account.forseti_server",
            "module.forseti.random_id.random_hash_suffix"
          ]
        },
        {
          "index_key": 8,
          "schema_version": 0,
          "attributes": {
            "etag": "BwWloVCIJjE=",
            "id": "12345678/roles/servicemanagement.quotaViewer/serviceaccount:forseti-server-gcp-suffix@example-project.iam.gserviceaccount.com",
            "member": "serviceAccount:forseti-server-gcp-suffix@example-project.iam.gserviceaccount.com",
            "org_id": "12345678",
            "role": "roles/servicemanagement.quotaViewer"
          },
          "private": "bnVsbA==",
          "dependencies": [
            "module.forseti.module.server_iam.google_service_account.forseti_server",
            "module.forseti.random_id.random_hash_suffix"
          ]
        },
        {
          "index_key": 9,
          "schema_version": 0,
          "attributes": {
            "etag": "BwWloVCIJjE=",
            "id": "12345678/roles/serviceusage.serviceUsageConsumer/serviceaccount:forseti-server-gcp-suffix@example-project.iam.gserviceaccount.com",
            "member": "serviceAccount:forseti-server-gcp-suffix@example-project.iam.gserviceaccount.com",
            "org_id": "12345678",
            "role": "roles/serviceusage.serviceUsageConsumer"
          },
          "private": "bnVsbA==",
          "dependencies": [
            "module.forseti.module.server_iam.google_service_account.forseti_server",
            "module.forseti.random_id.random_hash_suffix"
          ]
        }
      ]
    },
    {
      "module": "module.forseti.module.server_iam",
      "mode": "managed",
      "type": "google_organization_iam_member",
      "name": "org_write",
      "each": "list",
      "provider": "provider.google",
      "instances": []
    }
  ]
}
